{
  "originHash" : "fb1973056d5ab4e53563ea0325c51d0ccbdf42cdcaf275e3e3d25f49e84cc69d",
  "pins" : [
    {
      "identity" : "transientlabel",
      "kind" : "remoteSourceControl",
      "location" : "https://github.com/JoshuaSullivan/TransientLabel.git",
      "state" : {
        "revision" : "a96b32e7a390d03662971b95463d4d7b6834eb0a",
        "version" : "1.1.0"
      }
    }
  ],
  "version" : 3
}
