{
  "originHash" : "70ae38fbcd09996cb3c0b8229f9803c99f5dde2c3c668a07cced0b3a59021c37",
  "pins" : [
    {
      "identity" : "transientlabel",
      "kind" : "remoteSourceControl",
      "location" : "https://github.com/JoshuaSullivan/TransientLabel.git",
      "state" : {
        "revision" : "c0692aa086d140071c6a4783b8d625faaf0e33a5",
        "version" : "0.0.1"
      }
    }
  ],
  "version" : 3
}
